
Microsoft Visual Studio Solution File, Format Version 12.00
# Visual Studio Version 16
VisualStudioVersion = 16.0.30804.86
MinimumVisualStudioVersion = 10.0.40219.1
Project("{FAE04EC0-301F-11D3-BF4B-00C04F79EFBC}") = "RooFit", "RooFit\RooFit.csproj", "{626A043C-795E-4C6C-B50E-648B6C3D235C}"
EndProject
Global
	GlobalSection(SolutionConfigurationPlatforms) = preSolution
		Debug|Any CPU = Debug|Any CPU
		Release|Any CPU = Release|Any CPU
	EndGlobalSection
	GlobalSection(ProjectConfigurationPlatforms) = postSolution
		{626A043C-795E-4C6C-B50E-648B6C3D235C}.Debug|Any CPU.ActiveCfg = Debug|Any CPU
		{626A043C-795E-4C6C-B50E-648B6C3D235C}.Debug|Any CPU.Build.0 = Debug|Any CPU
		{626A043C-795E-4C6C-B50E-648B6C3D235C}.Release|Any CPU.ActiveCfg = Release|Any CPU
		{626A043C-795E-4C6C-B50E-648B6C3D235C}.Release|Any CPU.Build.0 = Release|Any CPU
	EndGlobalSection
	GlobalSection(SolutionProperties) = preSolution
		HideSolutionNode = FALSE
	EndGlobalSection
	GlobalSection(ExtensibilityGlobals) = postSolution
		SolutionGuid = {DEC67707-4544-4E22-9692-BCD3BA3AFEDC}
	EndGlobalSection
EndGlobal
